
Microsoft Visual Studio Solution File, Format Version 12.00
# Visual Studio 15
VisualStudioVersion = 15.0.26730.16
MinimumVisualStudioVersion = 10.0.40219.1
Project("{FAE04EC0-301F-11D3-BF4B-00C04F79EFBC}") = "HvacTools", "HvacTools.csproj", "{FB807D24-7448-43C7-9E8D-9D7282FEC8AC}"
EndProject
Project("{9A19103F-16F7-4668-BE54-9A1E7A4F7556}") = "HvacTools.Core", "HvacTools.Core\HvacTools.Core.csproj", "{9C6AFB11-796C-4BD6-A69E-FE7B532ECC12}"
EndProject
Project("{FAE04EC0-301F-11D3-BF4B-00C04F79EFBC}") = "HvacTools.Mobile.Android", "HvacTools.Mobile\HvacTools.Mobile.Android\HvacTools.Mobile.Android.csproj", "{0C2D08AD-9010-4A82-A438-555FAAEAAA7F}"
EndProject
Project("{FAE04EC0-301F-11D3-BF4B-00C04F79EFBC}") = "HvacTools.Mobile", "HvacTools.Mobile\HvacTools.Mobile\HvacTools.Mobile.csproj", "{22AE3573-9C82-4173-A47E-9106B77E1AED}"
EndProject
Project("{FAE04EC0-301F-11D3-BF4B-00C04F79EFBC}") = "HvacTools.Mobile.iOS", "HvacTools.Mobile\HvacTools.Mobile.iOS\HvacTools.Mobile.iOS.csproj", "{C3B62EF5-15C6-4AC2-AF63-9F0E0D7DF6C6}"
EndProject
Global
	GlobalSection(SolutionConfigurationPlatforms) = preSolution
		Ad-Hoc|Any CPU = Ad-Hoc|Any CPU
		Ad-Hoc|iPhone = Ad-Hoc|iPhone
		Ad-Hoc|iPhoneSimulator = Ad-Hoc|iPhoneSimulator
		AppStore|Any CPU = AppStore|Any CPU
		AppStore|iPhone = AppStore|iPhone
		AppStore|iPhoneSimulator = AppStore|iPhoneSimulator
		Debug|Any CPU = Debug|Any CPU
		Debug|iPhone = Debug|iPhone
		Debug|iPhoneSimulator = Debug|iPhoneSimulator
		Release|Any CPU = Release|Any CPU
		Release|iPhone = Release|iPhone
		Release|iPhoneSimulator = Release|iPhoneSimulator
	EndGlobalSection
	GlobalSection(ProjectConfigurationPlatforms) = postSolution
		{FB807D24-7448-43C7-9E8D-9D7282FEC8AC}.Ad-Hoc|Any CPU.ActiveCfg = Release|Any CPU
		{FB807D24-7448-43C7-9E8D-9D7282FEC8AC}.Ad-Hoc|Any CPU.Build.0 = Release|Any CPU
		{FB807D24-7448-43C7-9E8D-9D7282FEC8AC}.Ad-Hoc|iPhone.ActiveCfg = Release|Any CPU
		{FB807D24-7448-43C7-9E8D-9D7282FEC8AC}.Ad-Hoc|iPhone.Build.0 = Release|Any CPU
		{FB807D24-7448-43C7-9E8D-9D7282FEC8AC}.Ad-Hoc|iPhoneSimulator.ActiveCfg = Release|Any CPU
		{FB807D24-7448-43C7-9E8D-9D7282FEC8AC}.Ad-Hoc|iPhoneSimulator.Build.0 = Release|Any CPU
		{FB807D24-7448-43C7-9E8D-9D7282FEC8AC}.AppStore|Any CPU.ActiveCfg = Release|Any CPU
		{FB807D24-7448-43C7-9E8D-9D7282FEC8AC}.AppStore|Any CPU.Build.0 = Release|Any CPU
		{FB807D24-7448-43C7-9E8D-9D7282FEC8AC}.AppStore|iPhone.ActiveCfg = Release|Any CPU
		{FB807D24-7448-43C7-9E8D-9D7282FEC8AC}.AppStore|iPhone.Build.0 = Release|Any CPU
		{FB807D24-7448-43C7-9E8D-9D7282FEC8AC}.AppStore|iPhoneSimulator.ActiveCfg = Release|Any CPU
		{FB807D24-7448-43C7-9E8D-9D7282FEC8AC}.AppStore|iPhoneSimulator.Build.0 = Release|Any CPU
		{FB807D24-7448-43C7-9E8D-9D7282FEC8AC}.Debug|Any CPU.ActiveCfg = Debug|Any CPU
		{FB807D24-7448-43C7-9E8D-9D7282FEC8AC}.Debug|Any CPU.Build.0 = Debug|Any CPU
		{FB807D24-7448-43C7-9E8D-9D7282FEC8AC}.Debug|iPhone.ActiveCfg = Debug|Any CPU
		{FB807D24-7448-43C7-9E8D-9D7282FEC8AC}.Debug|iPhone.Build.0 = Debug|Any CPU
		{FB807D24-7448-43C7-9E8D-9D7282FEC8AC}.Debug|iPhoneSimulator.ActiveCfg = Debug|Any CPU
		{FB807D24-7448-43C7-9E8D-9D7282FEC8AC}.Debug|iPhoneSimulator.Build.0 = Debug|Any CPU
		{FB807D24-7448-43C7-9E8D-9D7282FEC8AC}.Release|Any CPU.ActiveCfg = Release|Any CPU
		{FB807D24-7448-43C7-9E8D-9D7282FEC8AC}.Release|Any CPU.Build.0 = Release|Any CPU
		{FB807D24-7448-43C7-9E8D-9D7282FEC8AC}.Release|iPhone.ActiveCfg = Release|Any CPU
		{FB807D24-7448-43C7-9E8D-9D7282FEC8AC}.Release|iPhone.Build.0 = Release|Any CPU
		{FB807D24-7448-43C7-9E8D-9D7282FEC8AC}.Release|iPhoneSimulator.ActiveCfg = Release|Any CPU
		{FB807D24-7448-43C7-9E8D-9D7282FEC8AC}.Release|iPhoneSimulator.Build.0 = Release|Any CPU
		{9C6AFB11-796C-4BD6-A69E-FE7B532ECC12}.Ad-Hoc|Any CPU.ActiveCfg = Debug|Any CPU
		{9C6AFB11-796C-4BD6-A69E-FE7B532ECC12}.Ad-Hoc|Any CPU.Build.0 = Debug|Any CPU
		{9C6AFB11-796C-4BD6-A69E-FE7B532ECC12}.Ad-Hoc|iPhone.ActiveCfg = Debug|Any CPU
		{9C6AFB11-796C-4BD6-A69E-FE7B532ECC12}.Ad-Hoc|iPhone.Build.0 = Debug|Any CPU
		{9C6AFB11-796C-4BD6-A69E-FE7B532ECC12}.Ad-Hoc|iPhoneSimulator.ActiveCfg = Debug|Any CPU
		{9C6AFB11-796C-4BD6-A69E-FE7B532ECC12}.Ad-Hoc|iPhoneSimulator.Build.0 = Debug|Any CPU
		{9C6AFB11-796C-4BD6-A69E-FE7B532ECC12}.AppStore|Any CPU.ActiveCfg = Debug|Any CPU
		{9C6AFB11-796C-4BD6-A69E-FE7B532ECC12}.AppStore|Any CPU.Build.0 = Debug|Any CPU
		{9C6AFB11-796C-4BD6-A69E-FE7B532ECC12}.AppStore|iPhone.ActiveCfg = Debug|Any CPU
		{9C6AFB11-796C-4BD6-A69E-FE7B532ECC12}.AppStore|iPhone.Build.0 = Debug|Any CPU
		{9C6AFB11-796C-4BD6-A69E-FE7B532ECC12}.AppStore|iPhoneSimulator.ActiveCfg = Debug|Any CPU
		{9C6AFB11-796C-4BD6-A69E-FE7B532ECC12}.AppStore|iPhoneSimulator.Build.0 = Debug|Any CPU
		{9C6AFB11-796C-4BD6-A69E-FE7B532ECC12}.Debug|Any CPU.ActiveCfg = Debug|Any CPU
		{9C6AFB11-796C-4BD6-A69E-FE7B532ECC12}.Debug|Any CPU.Build.0 = Debug|Any CPU
		{9C6AFB11-796C-4BD6-A69E-FE7B532ECC12}.Debug|iPhone.ActiveCfg = Debug|Any CPU
		{9C6AFB11-796C-4BD6-A69E-FE7B532ECC12}.Debug|iPhone.Build.0 = Debug|Any CPU
		{9C6AFB11-796C-4BD6-A69E-FE7B532ECC12}.Debug|iPhoneSimulator.ActiveCfg = Debug|Any CPU
		{9C6AFB11-796C-4BD6-A69E-FE7B532ECC12}.Debug|iPhoneSimulator.Build.0 = Debug|Any CPU
		{9C6AFB11-796C-4BD6-A69E-FE7B532ECC12}.Release|Any CPU.ActiveCfg = Release|Any CPU
		{9C6AFB11-796C-4BD6-A69E-FE7B532ECC12}.Release|Any CPU.Build.0 = Release|Any CPU
		{9C6AFB11-796C-4BD6-A69E-FE7B532ECC12}.Release|iPhone.ActiveCfg = Release|Any CPU
		{9C6AFB11-796C-4BD6-A69E-FE7B532ECC12}.Release|iPhone.Build.0 = Release|Any CPU
		{9C6AFB11-796C-4BD6-A69E-FE7B532ECC12}.Release|iPhoneSimulator.ActiveCfg = Release|Any CPU
		{9C6AFB11-796C-4BD6-A69E-FE7B532ECC12}.Release|iPhoneSimulator.Build.0 = Release|Any CPU
		{0C2D08AD-9010-4A82-A438-555FAAEAAA7F}.Ad-Hoc|Any CPU.ActiveCfg = Release|Any CPU
		{0C2D08AD-9010-4A82-A438-555FAAEAAA7F}.Ad-Hoc|Any CPU.Build.0 = Release|Any CPU
		{0C2D08AD-9010-4A82-A438-555FAAEAAA7F}.Ad-Hoc|Any CPU.Deploy.0 = Release|Any CPU
		{0C2D08AD-9010-4A82-A438-555FAAEAAA7F}.Ad-Hoc|iPhone.ActiveCfg = Release|Any CPU
		{0C2D08AD-9010-4A82-A438-555FAAEAAA7F}.Ad-Hoc|iPhone.Build.0 = Release|Any CPU
		{0C2D08AD-9010-4A82-A438-555FAAEAAA7F}.Ad-Hoc|iPhone.Deploy.0 = Release|Any CPU
		{0C2D08AD-9010-4A82-A438-555FAAEAAA7F}.Ad-Hoc|iPhoneSimulator.ActiveCfg = Release|Any CPU
		{0C2D08AD-9010-4A82-A438-555FAAEAAA7F}.Ad-Hoc|iPhoneSimulator.Build.0 = Release|Any CPU
		{0C2D08AD-9010-4A82-A438-555FAAEAAA7F}.Ad-Hoc|iPhoneSimulator.Deploy.0 = Release|Any CPU
		{0C2D08AD-9010-4A82-A438-555FAAEAAA7F}.AppStore|Any CPU.ActiveCfg = Release|Any CPU
		{0C2D08AD-9010-4A82-A438-555FAAEAAA7F}.AppStore|Any CPU.Build.0 = Release|Any CPU
		{0C2D08AD-9010-4A82-A438-555FAAEAAA7F}.AppStore|Any CPU.Deploy.0 = Release|Any CPU
		{0C2D08AD-9010-4A82-A438-555FAAEAAA7F}.AppStore|iPhone.ActiveCfg = Release|Any CPU
		{0C2D08AD-9010-4A82-A438-555FAAEAAA7F}.AppStore|iPhone.Build.0 = Release|Any CPU
		{0C2D08AD-9010-4A82-A438-555FAAEAAA7F}.AppStore|iPhone.Deploy.0 = Release|Any CPU
		{0C2D08AD-9010-4A82-A438-555FAAEAAA7F}.AppStore|iPhoneSimulator.ActiveCfg = Release|Any CPU
		{0C2D08AD-9010-4A82-A438-555FAAEAAA7F}.AppStore|iPhoneSimulator.Build.0 = Release|Any CPU
		{0C2D08AD-9010-4A82-A438-555FAAEAAA7F}.AppStore|iPhoneSimulator.Deploy.0 = Release|Any CPU
		{0C2D08AD-9010-4A82-A438-555FAAEAAA7F}.Debug|Any CPU.ActiveCfg = Debug|Any CPU
		{0C2D08AD-9010-4A82-A438-555FAAEAAA7F}.Debug|Any CPU.Build.0 = Debug|Any CPU
		{0C2D08AD-9010-4A82-A438-555FAAEAAA7F}.Debug|Any CPU.Deploy.0 = Debug|Any CPU
		{0C2D08AD-9010-4A82-A438-555FAAEAAA7F}.Debug|iPhone.ActiveCfg = Debug|Any CPU
		{0C2D08AD-9010-4A82-A438-555FAAEAAA7F}.Debug|iPhone.Build.0 = Debug|Any CPU
		{0C2D08AD-9010-4A82-A438-555FAAEAAA7F}.Debug|iPhone.Deploy.0 = Debug|Any CPU
		{0C2D08AD-9010-4A82-A438-555FAAEAAA7F}.Debug|iPhoneSimulator.ActiveCfg = Debug|Any CPU
		{0C2D08AD-9010-4A82-A438-555FAAEAAA7F}.Debug|iPhoneSimulator.Build.0 = Debug|Any CPU
		{0C2D08AD-9010-4A82-A438-555FAAEAAA7F}.Debug|iPhoneSimulator.Deploy.0 = Debug|Any CPU
		{0C2D08AD-9010-4A82-A438-555FAAEAAA7F}.Release|Any CPU.ActiveCfg = Release|Any CPU
		{0C2D08AD-9010-4A82-A438-555FAAEAAA7F}.Release|Any CPU.Build.0 = Release|Any CPU
		{0C2D08AD-9010-4A82-A438-555FAAEAAA7F}.Release|Any CPU.Deploy.0 = Release|Any CPU
		{0C2D08AD-9010-4A82-A438-555FAAEAAA7F}.Release|iPhone.ActiveCfg = Release|Any CPU
		{0C2D08AD-9010-4A82-A438-555FAAEAAA7F}.Release|iPhone.Build.0 = Release|Any CPU
		{0C2D08AD-9010-4A82-A438-555FAAEAAA7F}.Release|iPhone.Deploy.0 = Release|Any CPU
		{0C2D08AD-9010-4A82-A438-555FAAEAAA7F}.Release|iPhoneSimulator.ActiveCfg = Release|Any CPU
		{0C2D08AD-9010-4A82-A438-555FAAEAAA7F}.Release|iPhoneSimulator.Build.0 = Release|Any CPU
		{0C2D08AD-9010-4A82-A438-555FAAEAAA7F}.Release|iPhoneSimulator.Deploy.0 = Release|Any CPU
		{22AE3573-9C82-4173-A47E-9106B77E1AED}.Ad-Hoc|Any CPU.ActiveCfg = Release|Any CPU
		{22AE3573-9C82-4173-A47E-9106B77E1AED}.Ad-Hoc|Any CPU.Build.0 = Release|Any CPU
		{22AE3573-9C82-4173-A47E-9106B77E1AED}.Ad-Hoc|iPhone.ActiveCfg = Release|Any CPU
		{22AE3573-9C82-4173-A47E-9106B77E1AED}.Ad-Hoc|iPhone.Build.0 = Release|Any CPU
		{22AE3573-9C82-4173-A47E-9106B77E1AED}.Ad-Hoc|iPhoneSimulator.ActiveCfg = Release|Any CPU
		{22AE3573-9C82-4173-A47E-9106B77E1AED}.Ad-Hoc|iPhoneSimulator.Build.0 = Release|Any CPU
		{22AE3573-9C82-4173-A47E-9106B77E1AED}.AppStore|Any CPU.ActiveCfg = Release|Any CPU
		{22AE3573-9C82-4173-A47E-9106B77E1AED}.AppStore|Any CPU.Build.0 = Release|Any CPU
		{22AE3573-9C82-4173-A47E-9106B77E1AED}.AppStore|iPhone.ActiveCfg = Release|Any CPU
		{22AE3573-9C82-4173-A47E-9106B77E1AED}.AppStore|iPhone.Build.0 = Release|Any CPU
		{22AE3573-9C82-4173-A47E-9106B77E1AED}.AppStore|iPhoneSimulator.ActiveCfg = Release|Any CPU
		{22AE3573-9C82-4173-A47E-9106B77E1AED}.AppStore|iPhoneSimulator.Build.0 = Release|Any CPU
		{22AE3573-9C82-4173-A47E-9106B77E1AED}.Debug|Any CPU.ActiveCfg = Debug|Any CPU
		{22AE3573-9C82-4173-A47E-9106B77E1AED}.Debug|Any CPU.Build.0 = Debug|Any CPU
		{22AE3573-9C82-4173-A47E-9106B77E1AED}.Debug|iPhone.ActiveCfg = Debug|Any CPU
		{22AE3573-9C82-4173-A47E-9106B77E1AED}.Debug|iPhone.Build.0 = Debug|Any CPU
		{22AE3573-9C82-4173-A47E-9106B77E1AED}.Debug|iPhoneSimulator.ActiveCfg = Debug|Any CPU
		{22AE3573-9C82-4173-A47E-9106B77E1AED}.Debug|iPhoneSimulator.Build.0 = Debug|Any CPU
		{22AE3573-9C82-4173-A47E-9106B77E1AED}.Release|Any CPU.ActiveCfg = Release|Any CPU
		{22AE3573-9C82-4173-A47E-9106B77E1AED}.Release|Any CPU.Build.0 = Release|Any CPU
		{22AE3573-9C82-4173-A47E-9106B77E1AED}.Release|iPhone.ActiveCfg = Release|Any CPU
		{22AE3573-9C82-4173-A47E-9106B77E1AED}.Release|iPhone.Build.0 = Release|Any CPU
		{22AE3573-9C82-4173-A47E-9106B77E1AED}.Release|iPhoneSimulator.ActiveCfg = Release|Any CPU
		{22AE3573-9C82-4173-A47E-9106B77E1AED}.Release|iPhoneSimulator.Build.0 = Release|Any CPU
		{C3B62EF5-15C6-4AC2-AF63-9F0E0D7DF6C6}.Ad-Hoc|Any CPU.ActiveCfg = Ad-Hoc|iPhone
		{C3B62EF5-15C6-4AC2-AF63-9F0E0D7DF6C6}.Ad-Hoc|iPhone.ActiveCfg = Ad-Hoc|iPhone
		{C3B62EF5-15C6-4AC2-AF63-9F0E0D7DF6C6}.Ad-Hoc|iPhone.Build.0 = Ad-Hoc|iPhone
		{C3B62EF5-15C6-4AC2-AF63-9F0E0D7DF6C6}.Ad-Hoc|iPhoneSimulator.ActiveCfg = Ad-Hoc|iPhoneSimulator
		{C3B62EF5-15C6-4AC2-AF63-9F0E0D7DF6C6}.Ad-Hoc|iPhoneSimulator.Build.0 = Ad-Hoc|iPhoneSimulator
		{C3B62EF5-15C6-4AC2-AF63-9F0E0D7DF6C6}.AppStore|Any CPU.ActiveCfg = AppStore|iPhone
		{C3B62EF5-15C6-4AC2-AF63-9F0E0D7DF6C6}.AppStore|iPhone.ActiveCfg = AppStore|iPhone
		{C3B62EF5-15C6-4AC2-AF63-9F0E0D7DF6C6}.AppStore|iPhone.Build.0 = AppStore|iPhone
		{C3B62EF5-15C6-4AC2-AF63-9F0E0D7DF6C6}.AppStore|iPhoneSimulator.ActiveCfg = AppStore|iPhoneSimulator
		{C3B62EF5-15C6-4AC2-AF63-9F0E0D7DF6C6}.AppStore|iPhoneSimulator.Build.0 = AppStore|iPhoneSimulator
		{C3B62EF5-15C6-4AC2-AF63-9F0E0D7DF6C6}.Debug|Any CPU.ActiveCfg = Debug|iPhone
		{C3B62EF5-15C6-4AC2-AF63-9F0E0D7DF6C6}.Debug|iPhone.ActiveCfg = Debug|iPhone
		{C3B62EF5-15C6-4AC2-AF63-9F0E0D7DF6C6}.Debug|iPhone.Build.0 = Debug|iPhone
		{C3B62EF5-15C6-4AC2-AF63-9F0E0D7DF6C6}.Debug|iPhoneSimulator.ActiveCfg = Debug|iPhoneSimulator
		{C3B62EF5-15C6-4AC2-AF63-9F0E0D7DF6C6}.Debug|iPhoneSimulator.Build.0 = Debug|iPhoneSimulator
		{C3B62EF5-15C6-4AC2-AF63-9F0E0D7DF6C6}.Release|Any CPU.ActiveCfg = Release|iPhone
		{C3B62EF5-15C6-4AC2-AF63-9F0E0D7DF6C6}.Release|iPhone.ActiveCfg = Release|iPhone
		{C3B62EF5-15C6-4AC2-AF63-9F0E0D7DF6C6}.Release|iPhone.Build.0 = Release|iPhone
		{C3B62EF5-15C6-4AC2-AF63-9F0E0D7DF6C6}.Release|iPhoneSimulator.ActiveCfg = Release|iPhoneSimulator
		{C3B62EF5-15C6-4AC2-AF63-9F0E0D7DF6C6}.Release|iPhoneSimulator.Build.0 = Release|iPhoneSimulator
	EndGlobalSection
	GlobalSection(SolutionProperties) = preSolution
		HideSolutionNode = FALSE
	EndGlobalSection
	GlobalSection(ExtensibilityGlobals) = postSolution
		SolutionGuid = {45ECCAAD-3842-45BA-835C-A080FDE30639}
	EndGlobalSection
EndGlobal
