
Microsoft Visual Studio Solution File, Format Version 12.00
# Visual Studio 15
VisualStudioVersion = 15.0.26730.16
MinimumVisualStudioVersion = 10.0.40219.1
Project("{FAE04EC0-301F-11D3-BF4B-00C04F79EFBC}") = "HvacTools.Mobile.Android", "HvacTools.Mobile\HvacTools.Mobile.Android\HvacTools.Mobile.Android.csproj", "{15391479-3848-4A33-A269-EF1E662185B7}"
EndProject
Project("{FAE04EC0-301F-11D3-BF4B-00C04F79EFBC}") = "HvacTools.Mobile", "HvacTools.Mobile\HvacTools.Mobile\HvacTools.Mobile.csproj", "{3D28FB65-C65B-4774-BD37-130B1BF3D130}"
EndProject
Project("{FAE04EC0-301F-11D3-BF4B-00C04F79EFBC}") = "HvacTools.Mobile.iOS", "HvacTools.Mobile\HvacTools.Mobile.iOS\HvacTools.Mobile.iOS.csproj", "{51AA9D9C-9C4E-4EF7-BDF1-6532607BEF94}"
EndProject
Project("{FAE04EC0-301F-11D3-BF4B-00C04F79EFBC}") = "HvacTools.Mobile.Android.UnitTests", "HvacTools.Mobile.Android.UnitTests\HvacTools.Mobile.Android.UnitTests.csproj", "{220EFC4E-E9A9-4E9B-9136-0BB80C6F533A}"
EndProject
Project("{FAE04EC0-301F-11D3-BF4B-00C04F79EFBC}") = "HvacTools.Mobile.iOS.UnitTests", "HvacTools.Mobile.iOS.UnitTests\HvacTools.Mobile.iOS.UnitTests.csproj", "{3B25C933-CC7C-4311-91D3-03EFB9DFB72A}"
EndProject
Project("{FAE04EC0-301F-11D3-BF4B-00C04F79EFBC}") = "Tools", "Tools\Tools.csproj", "{26B87EB7-F116-4C91-9941-EF9947A92654}"
EndProject
Project("{FAE04EC0-301F-11D3-BF4B-00C04F79EFBC}") = "Tools.Models", "Tools.Models\Tools.Models.csproj", "{6CADDF78-A857-4682-BBCB-F1B01B2E44B4}"
EndProject
Project("{FAE04EC0-301F-11D3-BF4B-00C04F79EFBC}") = "Tools.Calculators", "Tools.Calculators.cs\Tools.Calculators.csproj", "{265BC0C4-912F-4213-A4DA-7B47C535D604}"
EndProject
Global
	GlobalSection(SolutionConfigurationPlatforms) = preSolution
		Ad-Hoc|Any CPU = Ad-Hoc|Any CPU
		Ad-Hoc|iPhone = Ad-Hoc|iPhone
		Ad-Hoc|iPhoneSimulator = Ad-Hoc|iPhoneSimulator
		AppStore|Any CPU = AppStore|Any CPU
		AppStore|iPhone = AppStore|iPhone
		AppStore|iPhoneSimulator = AppStore|iPhoneSimulator
		Debug|Any CPU = Debug|Any CPU
		Debug|iPhone = Debug|iPhone
		Debug|iPhoneSimulator = Debug|iPhoneSimulator
		Release|Any CPU = Release|Any CPU
		Release|iPhone = Release|iPhone
		Release|iPhoneSimulator = Release|iPhoneSimulator
	EndGlobalSection
	GlobalSection(ProjectConfigurationPlatforms) = postSolution
		{15391479-3848-4A33-A269-EF1E662185B7}.Ad-Hoc|Any CPU.ActiveCfg = Release|Any CPU
		{15391479-3848-4A33-A269-EF1E662185B7}.Ad-Hoc|Any CPU.Build.0 = Release|Any CPU
		{15391479-3848-4A33-A269-EF1E662185B7}.Ad-Hoc|Any CPU.Deploy.0 = Release|Any CPU
		{15391479-3848-4A33-A269-EF1E662185B7}.Ad-Hoc|iPhone.ActiveCfg = Release|Any CPU
		{15391479-3848-4A33-A269-EF1E662185B7}.Ad-Hoc|iPhone.Build.0 = Release|Any CPU
		{15391479-3848-4A33-A269-EF1E662185B7}.Ad-Hoc|iPhone.Deploy.0 = Release|Any CPU
		{15391479-3848-4A33-A269-EF1E662185B7}.Ad-Hoc|iPhoneSimulator.ActiveCfg = Release|Any CPU
		{15391479-3848-4A33-A269-EF1E662185B7}.Ad-Hoc|iPhoneSimulator.Build.0 = Release|Any CPU
		{15391479-3848-4A33-A269-EF1E662185B7}.Ad-Hoc|iPhoneSimulator.Deploy.0 = Release|Any CPU
		{15391479-3848-4A33-A269-EF1E662185B7}.AppStore|Any CPU.ActiveCfg = Release|Any CPU
		{15391479-3848-4A33-A269-EF1E662185B7}.AppStore|Any CPU.Build.0 = Release|Any CPU
		{15391479-3848-4A33-A269-EF1E662185B7}.AppStore|Any CPU.Deploy.0 = Release|Any CPU
		{15391479-3848-4A33-A269-EF1E662185B7}.AppStore|iPhone.ActiveCfg = Release|Any CPU
		{15391479-3848-4A33-A269-EF1E662185B7}.AppStore|iPhone.Build.0 = Release|Any CPU
		{15391479-3848-4A33-A269-EF1E662185B7}.AppStore|iPhone.Deploy.0 = Release|Any CPU
		{15391479-3848-4A33-A269-EF1E662185B7}.AppStore|iPhoneSimulator.ActiveCfg = Release|Any CPU
		{15391479-3848-4A33-A269-EF1E662185B7}.AppStore|iPhoneSimulator.Build.0 = Release|Any CPU
		{15391479-3848-4A33-A269-EF1E662185B7}.AppStore|iPhoneSimulator.Deploy.0 = Release|Any CPU
		{15391479-3848-4A33-A269-EF1E662185B7}.Debug|Any CPU.ActiveCfg = Debug|Any CPU
		{15391479-3848-4A33-A269-EF1E662185B7}.Debug|Any CPU.Build.0 = Debug|Any CPU
		{15391479-3848-4A33-A269-EF1E662185B7}.Debug|Any CPU.Deploy.0 = Debug|Any CPU
		{15391479-3848-4A33-A269-EF1E662185B7}.Debug|iPhone.ActiveCfg = Debug|Any CPU
		{15391479-3848-4A33-A269-EF1E662185B7}.Debug|iPhone.Build.0 = Debug|Any CPU
		{15391479-3848-4A33-A269-EF1E662185B7}.Debug|iPhone.Deploy.0 = Debug|Any CPU
		{15391479-3848-4A33-A269-EF1E662185B7}.Debug|iPhoneSimulator.ActiveCfg = Debug|Any CPU
		{15391479-3848-4A33-A269-EF1E662185B7}.Debug|iPhoneSimulator.Build.0 = Debug|Any CPU
		{15391479-3848-4A33-A269-EF1E662185B7}.Debug|iPhoneSimulator.Deploy.0 = Debug|Any CPU
		{15391479-3848-4A33-A269-EF1E662185B7}.Release|Any CPU.ActiveCfg = Release|Any CPU
		{15391479-3848-4A33-A269-EF1E662185B7}.Release|Any CPU.Build.0 = Release|Any CPU
		{15391479-3848-4A33-A269-EF1E662185B7}.Release|Any CPU.Deploy.0 = Release|Any CPU
		{15391479-3848-4A33-A269-EF1E662185B7}.Release|iPhone.ActiveCfg = Release|Any CPU
		{15391479-3848-4A33-A269-EF1E662185B7}.Release|iPhone.Build.0 = Release|Any CPU
		{15391479-3848-4A33-A269-EF1E662185B7}.Release|iPhone.Deploy.0 = Release|Any CPU
		{15391479-3848-4A33-A269-EF1E662185B7}.Release|iPhoneSimulator.ActiveCfg = Release|Any CPU
		{15391479-3848-4A33-A269-EF1E662185B7}.Release|iPhoneSimulator.Build.0 = Release|Any CPU
		{15391479-3848-4A33-A269-EF1E662185B7}.Release|iPhoneSimulator.Deploy.0 = Release|Any CPU
		{3D28FB65-C65B-4774-BD37-130B1BF3D130}.Ad-Hoc|Any CPU.ActiveCfg = Release|Any CPU
		{3D28FB65-C65B-4774-BD37-130B1BF3D130}.Ad-Hoc|Any CPU.Build.0 = Release|Any CPU
		{3D28FB65-C65B-4774-BD37-130B1BF3D130}.Ad-Hoc|iPhone.ActiveCfg = Release|Any CPU
		{3D28FB65-C65B-4774-BD37-130B1BF3D130}.Ad-Hoc|iPhone.Build.0 = Release|Any CPU
		{3D28FB65-C65B-4774-BD37-130B1BF3D130}.Ad-Hoc|iPhoneSimulator.ActiveCfg = Release|Any CPU
		{3D28FB65-C65B-4774-BD37-130B1BF3D130}.Ad-Hoc|iPhoneSimulator.Build.0 = Release|Any CPU
		{3D28FB65-C65B-4774-BD37-130B1BF3D130}.AppStore|Any CPU.ActiveCfg = Release|Any CPU
		{3D28FB65-C65B-4774-BD37-130B1BF3D130}.AppStore|Any CPU.Build.0 = Release|Any CPU
		{3D28FB65-C65B-4774-BD37-130B1BF3D130}.AppStore|iPhone.ActiveCfg = Release|Any CPU
		{3D28FB65-C65B-4774-BD37-130B1BF3D130}.AppStore|iPhone.Build.0 = Release|Any CPU
		{3D28FB65-C65B-4774-BD37-130B1BF3D130}.AppStore|iPhoneSimulator.ActiveCfg = Release|Any CPU
		{3D28FB65-C65B-4774-BD37-130B1BF3D130}.AppStore|iPhoneSimulator.Build.0 = Release|Any CPU
		{3D28FB65-C65B-4774-BD37-130B1BF3D130}.Debug|Any CPU.ActiveCfg = Debug|Any CPU
		{3D28FB65-C65B-4774-BD37-130B1BF3D130}.Debug|Any CPU.Build.0 = Debug|Any CPU
		{3D28FB65-C65B-4774-BD37-130B1BF3D130}.Debug|iPhone.ActiveCfg = Debug|Any CPU
		{3D28FB65-C65B-4774-BD37-130B1BF3D130}.Debug|iPhone.Build.0 = Debug|Any CPU
		{3D28FB65-C65B-4774-BD37-130B1BF3D130}.Debug|iPhoneSimulator.ActiveCfg = Debug|Any CPU
		{3D28FB65-C65B-4774-BD37-130B1BF3D130}.Debug|iPhoneSimulator.Build.0 = Debug|Any CPU
		{3D28FB65-C65B-4774-BD37-130B1BF3D130}.Release|Any CPU.ActiveCfg = Release|Any CPU
		{3D28FB65-C65B-4774-BD37-130B1BF3D130}.Release|Any CPU.Build.0 = Release|Any CPU
		{3D28FB65-C65B-4774-BD37-130B1BF3D130}.Release|iPhone.ActiveCfg = Release|Any CPU
		{3D28FB65-C65B-4774-BD37-130B1BF3D130}.Release|iPhone.Build.0 = Release|Any CPU
		{3D28FB65-C65B-4774-BD37-130B1BF3D130}.Release|iPhoneSimulator.ActiveCfg = Release|Any CPU
		{3D28FB65-C65B-4774-BD37-130B1BF3D130}.Release|iPhoneSimulator.Build.0 = Release|Any CPU
		{51AA9D9C-9C4E-4EF7-BDF1-6532607BEF94}.Ad-Hoc|Any CPU.ActiveCfg = Ad-Hoc|iPhone
		{51AA9D9C-9C4E-4EF7-BDF1-6532607BEF94}.Ad-Hoc|iPhone.ActiveCfg = Ad-Hoc|iPhone
		{51AA9D9C-9C4E-4EF7-BDF1-6532607BEF94}.Ad-Hoc|iPhone.Build.0 = Ad-Hoc|iPhone
		{51AA9D9C-9C4E-4EF7-BDF1-6532607BEF94}.Ad-Hoc|iPhoneSimulator.ActiveCfg = Ad-Hoc|iPhoneSimulator
		{51AA9D9C-9C4E-4EF7-BDF1-6532607BEF94}.Ad-Hoc|iPhoneSimulator.Build.0 = Ad-Hoc|iPhoneSimulator
		{51AA9D9C-9C4E-4EF7-BDF1-6532607BEF94}.AppStore|Any CPU.ActiveCfg = AppStore|iPhone
		{51AA9D9C-9C4E-4EF7-BDF1-6532607BEF94}.AppStore|iPhone.ActiveCfg = AppStore|iPhone
		{51AA9D9C-9C4E-4EF7-BDF1-6532607BEF94}.AppStore|iPhone.Build.0 = AppStore|iPhone
		{51AA9D9C-9C4E-4EF7-BDF1-6532607BEF94}.AppStore|iPhoneSimulator.ActiveCfg = AppStore|iPhoneSimulator
		{51AA9D9C-9C4E-4EF7-BDF1-6532607BEF94}.AppStore|iPhoneSimulator.Build.0 = AppStore|iPhoneSimulator
		{51AA9D9C-9C4E-4EF7-BDF1-6532607BEF94}.Debug|Any CPU.ActiveCfg = Debug|iPhone
		{51AA9D9C-9C4E-4EF7-BDF1-6532607BEF94}.Debug|iPhone.ActiveCfg = Debug|iPhone
		{51AA9D9C-9C4E-4EF7-BDF1-6532607BEF94}.Debug|iPhone.Build.0 = Debug|iPhone
		{51AA9D9C-9C4E-4EF7-BDF1-6532607BEF94}.Debug|iPhoneSimulator.ActiveCfg = Debug|iPhoneSimulator
		{51AA9D9C-9C4E-4EF7-BDF1-6532607BEF94}.Debug|iPhoneSimulator.Build.0 = Debug|iPhoneSimulator
		{51AA9D9C-9C4E-4EF7-BDF1-6532607BEF94}.Release|Any CPU.ActiveCfg = Release|iPhone
		{51AA9D9C-9C4E-4EF7-BDF1-6532607BEF94}.Release|iPhone.ActiveCfg = Release|iPhone
		{51AA9D9C-9C4E-4EF7-BDF1-6532607BEF94}.Release|iPhone.Build.0 = Release|iPhone
		{51AA9D9C-9C4E-4EF7-BDF1-6532607BEF94}.Release|iPhoneSimulator.ActiveCfg = Release|iPhoneSimulator
		{51AA9D9C-9C4E-4EF7-BDF1-6532607BEF94}.Release|iPhoneSimulator.Build.0 = Release|iPhoneSimulator
		{220EFC4E-E9A9-4E9B-9136-0BB80C6F533A}.Ad-Hoc|Any CPU.ActiveCfg = Release|Any CPU
		{220EFC4E-E9A9-4E9B-9136-0BB80C6F533A}.Ad-Hoc|Any CPU.Build.0 = Release|Any CPU
		{220EFC4E-E9A9-4E9B-9136-0BB80C6F533A}.Ad-Hoc|Any CPU.Deploy.0 = Release|Any CPU
		{220EFC4E-E9A9-4E9B-9136-0BB80C6F533A}.Ad-Hoc|iPhone.ActiveCfg = Release|Any CPU
		{220EFC4E-E9A9-4E9B-9136-0BB80C6F533A}.Ad-Hoc|iPhone.Build.0 = Release|Any CPU
		{220EFC4E-E9A9-4E9B-9136-0BB80C6F533A}.Ad-Hoc|iPhone.Deploy.0 = Release|Any CPU
		{220EFC4E-E9A9-4E9B-9136-0BB80C6F533A}.Ad-Hoc|iPhoneSimulator.ActiveCfg = Release|Any CPU
		{220EFC4E-E9A9-4E9B-9136-0BB80C6F533A}.Ad-Hoc|iPhoneSimulator.Build.0 = Release|Any CPU
		{220EFC4E-E9A9-4E9B-9136-0BB80C6F533A}.Ad-Hoc|iPhoneSimulator.Deploy.0 = Release|Any CPU
		{220EFC4E-E9A9-4E9B-9136-0BB80C6F533A}.AppStore|Any CPU.ActiveCfg = Release|Any CPU
		{220EFC4E-E9A9-4E9B-9136-0BB80C6F533A}.AppStore|Any CPU.Build.0 = Release|Any CPU
		{220EFC4E-E9A9-4E9B-9136-0BB80C6F533A}.AppStore|Any CPU.Deploy.0 = Release|Any CPU
		{220EFC4E-E9A9-4E9B-9136-0BB80C6F533A}.AppStore|iPhone.ActiveCfg = Release|Any CPU
		{220EFC4E-E9A9-4E9B-9136-0BB80C6F533A}.AppStore|iPhone.Build.0 = Release|Any CPU
		{220EFC4E-E9A9-4E9B-9136-0BB80C6F533A}.AppStore|iPhone.Deploy.0 = Release|Any CPU
		{220EFC4E-E9A9-4E9B-9136-0BB80C6F533A}.AppStore|iPhoneSimulator.ActiveCfg = Release|Any CPU
		{220EFC4E-E9A9-4E9B-9136-0BB80C6F533A}.AppStore|iPhoneSimulator.Build.0 = Release|Any CPU
		{220EFC4E-E9A9-4E9B-9136-0BB80C6F533A}.AppStore|iPhoneSimulator.Deploy.0 = Release|Any CPU
		{220EFC4E-E9A9-4E9B-9136-0BB80C6F533A}.Debug|Any CPU.ActiveCfg = Debug|Any CPU
		{220EFC4E-E9A9-4E9B-9136-0BB80C6F533A}.Debug|Any CPU.Build.0 = Debug|Any CPU
		{220EFC4E-E9A9-4E9B-9136-0BB80C6F533A}.Debug|Any CPU.Deploy.0 = Debug|Any CPU
		{220EFC4E-E9A9-4E9B-9136-0BB80C6F533A}.Debug|iPhone.ActiveCfg = Debug|Any CPU
		{220EFC4E-E9A9-4E9B-9136-0BB80C6F533A}.Debug|iPhone.Build.0 = Debug|Any CPU
		{220EFC4E-E9A9-4E9B-9136-0BB80C6F533A}.Debug|iPhone.Deploy.0 = Debug|Any CPU
		{220EFC4E-E9A9-4E9B-9136-0BB80C6F533A}.Debug|iPhoneSimulator.ActiveCfg = Debug|Any CPU
		{220EFC4E-E9A9-4E9B-9136-0BB80C6F533A}.Debug|iPhoneSimulator.Build.0 = Debug|Any CPU
		{220EFC4E-E9A9-4E9B-9136-0BB80C6F533A}.Debug|iPhoneSimulator.Deploy.0 = Debug|Any CPU
		{220EFC4E-E9A9-4E9B-9136-0BB80C6F533A}.Release|Any CPU.ActiveCfg = Release|Any CPU
		{220EFC4E-E9A9-4E9B-9136-0BB80C6F533A}.Release|Any CPU.Build.0 = Release|Any CPU
		{220EFC4E-E9A9-4E9B-9136-0BB80C6F533A}.Release|Any CPU.Deploy.0 = Release|Any CPU
		{220EFC4E-E9A9-4E9B-9136-0BB80C6F533A}.Release|iPhone.ActiveCfg = Release|Any CPU
		{220EFC4E-E9A9-4E9B-9136-0BB80C6F533A}.Release|iPhone.Build.0 = Release|Any CPU
		{220EFC4E-E9A9-4E9B-9136-0BB80C6F533A}.Release|iPhone.Deploy.0 = Release|Any CPU
		{220EFC4E-E9A9-4E9B-9136-0BB80C6F533A}.Release|iPhoneSimulator.ActiveCfg = Release|Any CPU
		{220EFC4E-E9A9-4E9B-9136-0BB80C6F533A}.Release|iPhoneSimulator.Build.0 = Release|Any CPU
		{220EFC4E-E9A9-4E9B-9136-0BB80C6F533A}.Release|iPhoneSimulator.Deploy.0 = Release|Any CPU
		{3B25C933-CC7C-4311-91D3-03EFB9DFB72A}.Ad-Hoc|Any CPU.ActiveCfg = Ad-Hoc|iPhone
		{3B25C933-CC7C-4311-91D3-03EFB9DFB72A}.Ad-Hoc|iPhone.ActiveCfg = Ad-Hoc|iPhone
		{3B25C933-CC7C-4311-91D3-03EFB9DFB72A}.Ad-Hoc|iPhone.Build.0 = Ad-Hoc|iPhone
		{3B25C933-CC7C-4311-91D3-03EFB9DFB72A}.Ad-Hoc|iPhoneSimulator.ActiveCfg = Ad-Hoc|iPhoneSimulator
		{3B25C933-CC7C-4311-91D3-03EFB9DFB72A}.Ad-Hoc|iPhoneSimulator.Build.0 = Ad-Hoc|iPhoneSimulator
		{3B25C933-CC7C-4311-91D3-03EFB9DFB72A}.AppStore|Any CPU.ActiveCfg = AppStore|iPhone
		{3B25C933-CC7C-4311-91D3-03EFB9DFB72A}.AppStore|iPhone.ActiveCfg = AppStore|iPhone
		{3B25C933-CC7C-4311-91D3-03EFB9DFB72A}.AppStore|iPhone.Build.0 = AppStore|iPhone
		{3B25C933-CC7C-4311-91D3-03EFB9DFB72A}.AppStore|iPhoneSimulator.ActiveCfg = AppStore|iPhoneSimulator
		{3B25C933-CC7C-4311-91D3-03EFB9DFB72A}.AppStore|iPhoneSimulator.Build.0 = AppStore|iPhoneSimulator
		{3B25C933-CC7C-4311-91D3-03EFB9DFB72A}.Debug|Any CPU.ActiveCfg = Debug|iPhone
		{3B25C933-CC7C-4311-91D3-03EFB9DFB72A}.Debug|iPhone.ActiveCfg = Debug|iPhone
		{3B25C933-CC7C-4311-91D3-03EFB9DFB72A}.Debug|iPhone.Build.0 = Debug|iPhone
		{3B25C933-CC7C-4311-91D3-03EFB9DFB72A}.Debug|iPhoneSimulator.ActiveCfg = Debug|iPhoneSimulator
		{3B25C933-CC7C-4311-91D3-03EFB9DFB72A}.Debug|iPhoneSimulator.Build.0 = Debug|iPhoneSimulator
		{3B25C933-CC7C-4311-91D3-03EFB9DFB72A}.Release|Any CPU.ActiveCfg = Release|iPhone
		{3B25C933-CC7C-4311-91D3-03EFB9DFB72A}.Release|iPhone.ActiveCfg = Release|iPhone
		{3B25C933-CC7C-4311-91D3-03EFB9DFB72A}.Release|iPhone.Build.0 = Release|iPhone
		{3B25C933-CC7C-4311-91D3-03EFB9DFB72A}.Release|iPhoneSimulator.ActiveCfg = Release|iPhoneSimulator
		{3B25C933-CC7C-4311-91D3-03EFB9DFB72A}.Release|iPhoneSimulator.Build.0 = Release|iPhoneSimulator
		{26B87EB7-F116-4C91-9941-EF9947A92654}.Ad-Hoc|Any CPU.ActiveCfg = Debug|Any CPU
		{26B87EB7-F116-4C91-9941-EF9947A92654}.Ad-Hoc|Any CPU.Build.0 = Debug|Any CPU
		{26B87EB7-F116-4C91-9941-EF9947A92654}.Ad-Hoc|iPhone.ActiveCfg = Debug|Any CPU
		{26B87EB7-F116-4C91-9941-EF9947A92654}.Ad-Hoc|iPhone.Build.0 = Debug|Any CPU
		{26B87EB7-F116-4C91-9941-EF9947A92654}.Ad-Hoc|iPhoneSimulator.ActiveCfg = Debug|Any CPU
		{26B87EB7-F116-4C91-9941-EF9947A92654}.Ad-Hoc|iPhoneSimulator.Build.0 = Debug|Any CPU
		{26B87EB7-F116-4C91-9941-EF9947A92654}.AppStore|Any CPU.ActiveCfg = Debug|Any CPU
		{26B87EB7-F116-4C91-9941-EF9947A92654}.AppStore|Any CPU.Build.0 = Debug|Any CPU
		{26B87EB7-F116-4C91-9941-EF9947A92654}.AppStore|iPhone.ActiveCfg = Debug|Any CPU
		{26B87EB7-F116-4C91-9941-EF9947A92654}.AppStore|iPhone.Build.0 = Debug|Any CPU
		{26B87EB7-F116-4C91-9941-EF9947A92654}.AppStore|iPhoneSimulator.ActiveCfg = Debug|Any CPU
		{26B87EB7-F116-4C91-9941-EF9947A92654}.AppStore|iPhoneSimulator.Build.0 = Debug|Any CPU
		{26B87EB7-F116-4C91-9941-EF9947A92654}.Debug|Any CPU.ActiveCfg = Debug|Any CPU
		{26B87EB7-F116-4C91-9941-EF9947A92654}.Debug|Any CPU.Build.0 = Debug|Any CPU
		{26B87EB7-F116-4C91-9941-EF9947A92654}.Debug|iPhone.ActiveCfg = Debug|Any CPU
		{26B87EB7-F116-4C91-9941-EF9947A92654}.Debug|iPhone.Build.0 = Debug|Any CPU
		{26B87EB7-F116-4C91-9941-EF9947A92654}.Debug|iPhoneSimulator.ActiveCfg = Debug|Any CPU
		{26B87EB7-F116-4C91-9941-EF9947A92654}.Debug|iPhoneSimulator.Build.0 = Debug|Any CPU
		{26B87EB7-F116-4C91-9941-EF9947A92654}.Release|Any CPU.ActiveCfg = Release|Any CPU
		{26B87EB7-F116-4C91-9941-EF9947A92654}.Release|Any CPU.Build.0 = Release|Any CPU
		{26B87EB7-F116-4C91-9941-EF9947A92654}.Release|iPhone.ActiveCfg = Release|Any CPU
		{26B87EB7-F116-4C91-9941-EF9947A92654}.Release|iPhone.Build.0 = Release|Any CPU
		{26B87EB7-F116-4C91-9941-EF9947A92654}.Release|iPhoneSimulator.ActiveCfg = Release|Any CPU
		{26B87EB7-F116-4C91-9941-EF9947A92654}.Release|iPhoneSimulator.Build.0 = Release|Any CPU
		{6CADDF78-A857-4682-BBCB-F1B01B2E44B4}.Ad-Hoc|Any CPU.ActiveCfg = Debug|Any CPU
		{6CADDF78-A857-4682-BBCB-F1B01B2E44B4}.Ad-Hoc|Any CPU.Build.0 = Debug|Any CPU
		{6CADDF78-A857-4682-BBCB-F1B01B2E44B4}.Ad-Hoc|iPhone.ActiveCfg = Debug|Any CPU
		{6CADDF78-A857-4682-BBCB-F1B01B2E44B4}.Ad-Hoc|iPhone.Build.0 = Debug|Any CPU
		{6CADDF78-A857-4682-BBCB-F1B01B2E44B4}.Ad-Hoc|iPhoneSimulator.ActiveCfg = Debug|Any CPU
		{6CADDF78-A857-4682-BBCB-F1B01B2E44B4}.Ad-Hoc|iPhoneSimulator.Build.0 = Debug|Any CPU
		{6CADDF78-A857-4682-BBCB-F1B01B2E44B4}.AppStore|Any CPU.ActiveCfg = Debug|Any CPU
		{6CADDF78-A857-4682-BBCB-F1B01B2E44B4}.AppStore|Any CPU.Build.0 = Debug|Any CPU
		{6CADDF78-A857-4682-BBCB-F1B01B2E44B4}.AppStore|iPhone.ActiveCfg = Debug|Any CPU
		{6CADDF78-A857-4682-BBCB-F1B01B2E44B4}.AppStore|iPhone.Build.0 = Debug|Any CPU
		{6CADDF78-A857-4682-BBCB-F1B01B2E44B4}.AppStore|iPhoneSimulator.ActiveCfg = Debug|Any CPU
		{6CADDF78-A857-4682-BBCB-F1B01B2E44B4}.AppStore|iPhoneSimulator.Build.0 = Debug|Any CPU
		{6CADDF78-A857-4682-BBCB-F1B01B2E44B4}.Debug|Any CPU.ActiveCfg = Debug|Any CPU
		{6CADDF78-A857-4682-BBCB-F1B01B2E44B4}.Debug|Any CPU.Build.0 = Debug|Any CPU
		{6CADDF78-A857-4682-BBCB-F1B01B2E44B4}.Debug|iPhone.ActiveCfg = Debug|Any CPU
		{6CADDF78-A857-4682-BBCB-F1B01B2E44B4}.Debug|iPhone.Build.0 = Debug|Any CPU
		{6CADDF78-A857-4682-BBCB-F1B01B2E44B4}.Debug|iPhoneSimulator.ActiveCfg = Debug|Any CPU
		{6CADDF78-A857-4682-BBCB-F1B01B2E44B4}.Debug|iPhoneSimulator.Build.0 = Debug|Any CPU
		{6CADDF78-A857-4682-BBCB-F1B01B2E44B4}.Release|Any CPU.ActiveCfg = Release|Any CPU
		{6CADDF78-A857-4682-BBCB-F1B01B2E44B4}.Release|Any CPU.Build.0 = Release|Any CPU
		{6CADDF78-A857-4682-BBCB-F1B01B2E44B4}.Release|iPhone.ActiveCfg = Release|Any CPU
		{6CADDF78-A857-4682-BBCB-F1B01B2E44B4}.Release|iPhone.Build.0 = Release|Any CPU
		{6CADDF78-A857-4682-BBCB-F1B01B2E44B4}.Release|iPhoneSimulator.ActiveCfg = Release|Any CPU
		{6CADDF78-A857-4682-BBCB-F1B01B2E44B4}.Release|iPhoneSimulator.Build.0 = Release|Any CPU
		{265BC0C4-912F-4213-A4DA-7B47C535D604}.Ad-Hoc|Any CPU.ActiveCfg = Debug|Any CPU
		{265BC0C4-912F-4213-A4DA-7B47C535D604}.Ad-Hoc|Any CPU.Build.0 = Debug|Any CPU
		{265BC0C4-912F-4213-A4DA-7B47C535D604}.Ad-Hoc|iPhone.ActiveCfg = Debug|Any CPU
		{265BC0C4-912F-4213-A4DA-7B47C535D604}.Ad-Hoc|iPhone.Build.0 = Debug|Any CPU
		{265BC0C4-912F-4213-A4DA-7B47C535D604}.Ad-Hoc|iPhoneSimulator.ActiveCfg = Debug|Any CPU
		{265BC0C4-912F-4213-A4DA-7B47C535D604}.Ad-Hoc|iPhoneSimulator.Build.0 = Debug|Any CPU
		{265BC0C4-912F-4213-A4DA-7B47C535D604}.AppStore|Any CPU.ActiveCfg = Debug|Any CPU
		{265BC0C4-912F-4213-A4DA-7B47C535D604}.AppStore|Any CPU.Build.0 = Debug|Any CPU
		{265BC0C4-912F-4213-A4DA-7B47C535D604}.AppStore|iPhone.ActiveCfg = Debug|Any CPU
		{265BC0C4-912F-4213-A4DA-7B47C535D604}.AppStore|iPhone.Build.0 = Debug|Any CPU
		{265BC0C4-912F-4213-A4DA-7B47C535D604}.AppStore|iPhoneSimulator.ActiveCfg = Debug|Any CPU
		{265BC0C4-912F-4213-A4DA-7B47C535D604}.AppStore|iPhoneSimulator.Build.0 = Debug|Any CPU
		{265BC0C4-912F-4213-A4DA-7B47C535D604}.Debug|Any CPU.ActiveCfg = Debug|Any CPU
		{265BC0C4-912F-4213-A4DA-7B47C535D604}.Debug|Any CPU.Build.0 = Debug|Any CPU
		{265BC0C4-912F-4213-A4DA-7B47C535D604}.Debug|iPhone.ActiveCfg = Debug|Any CPU
		{265BC0C4-912F-4213-A4DA-7B47C535D604}.Debug|iPhone.Build.0 = Debug|Any CPU
		{265BC0C4-912F-4213-A4DA-7B47C535D604}.Debug|iPhoneSimulator.ActiveCfg = Debug|Any CPU
		{265BC0C4-912F-4213-A4DA-7B47C535D604}.Debug|iPhoneSimulator.Build.0 = Debug|Any CPU
		{265BC0C4-912F-4213-A4DA-7B47C535D604}.Release|Any CPU.ActiveCfg = Release|Any CPU
		{265BC0C4-912F-4213-A4DA-7B47C535D604}.Release|Any CPU.Build.0 = Release|Any CPU
		{265BC0C4-912F-4213-A4DA-7B47C535D604}.Release|iPhone.ActiveCfg = Release|Any CPU
		{265BC0C4-912F-4213-A4DA-7B47C535D604}.Release|iPhone.Build.0 = Release|Any CPU
		{265BC0C4-912F-4213-A4DA-7B47C535D604}.Release|iPhoneSimulator.ActiveCfg = Release|Any CPU
		{265BC0C4-912F-4213-A4DA-7B47C535D604}.Release|iPhoneSimulator.Build.0 = Release|Any CPU
	EndGlobalSection
	GlobalSection(SolutionProperties) = preSolution
		HideSolutionNode = FALSE
	EndGlobalSection
	GlobalSection(ExtensibilityGlobals) = postSolution
		SolutionGuid = {45ECCAAD-3842-45BA-835C-A080FDE30639}
	EndGlobalSection
EndGlobal
